// !$*UTF8*$!
{
	archiveVersion = 1;
	classes = {
	};
	objectVersion = 51;
	objects = {

/* Begin PBXBuildFile section */
		A27BC9CC2681A2DA007FC36E /* AppDelegate.swift in Sources */ = {isa = PBXBuildFile; fileRef = A27BC9CB2681A2DA007FC36E /* AppDelegate.swift */; };
		A27BC9CE2681A2DB007FC36E /* SceneDelegate.swift in Sources */ = {isa = PBXBuildFile; fileRef = A27BC9CD2681A2DB007FC36E /* SceneDelegate.swift */; };
		A27BC9D02681A2DB007FC36E /* AnimationViewController.swift in Sources */ = {isa = PBXBuildFile; fileRef = A27BC9CF2681A2DB007FC36E /* AnimationViewController.swift */; };
		A27BC9D32681A2DB007FC36E /* Main.storyboard in Resources */ = {isa = PBXBuildFile; fileRef = A27BC9D12681A2DB007FC36E /* Main.storyboard */; };
		A27BC9D52681A2DE007FC36E /* Assets.xcassets in Resources */ = {isa = PBXBuildFile; fileRef = A27BC9D42681A2DE007FC36E /* Assets.xcassets */; };
		A27BC9D82681A2DE007FC36E /* LaunchScreen.storyboard in Resources */ = {isa = PBXBuildFile; fileRef = A27BC9D62681A2DE007FC36E /* LaunchScreen.storyboard */; };
		A27BC9E52681AFCC007FC36E /* AnimationConfiguration.swift in Sources */ = {isa = PBXBuildFile; fileRef = A27BC9E42681AFCC007FC36E /* AnimationConfiguration.swift */; };
		B59D943E930FD3F2E2B99F90 /* libPods-Animation.a in Frameworks */ = {isa = PBXBuildFile; fileRef = 01475696BBBD71D3D2D81690 /* libPods-Animation.a */; };
/* End PBXBuildFile section */

/* Begin PBXFileReference section */
		01475696BBBD71D3D2D81690 /* libPods-Animation.a */ = {isa = PBXFileReference; explicitFileType = archive.ar; includeInIndex = 0; path = "libPods-Animation.a"; sourceTree = BUILT_PRODUCTS_DIR; };
		89694D5A69D9E4FA9942E90A /* Pods-Animation.debug.xcconfig */ = {isa = PBXFileReference; includeInIndex = 1; lastKnownFileType = text.xcconfig; name = "Pods-Animation.debug.xcconfig"; path = "Target Support Files/Pods-Animation/Pods-Animation.debug.xcconfig"; sourceTree = "<group>"; };
		A27BC9C82681A2DA007FC36E /* Animation.app */ = {isa = PBXFileReference; explicitFileType = wrapper.application; includeInIndex = 0; path = Animation.app; sourceTree = BUILT_PRODUCTS_DIR; };
		A27BC9CB2681A2DA007FC36E /* AppDelegate.swift */ = {isa = PBXFileReference; lastKnownFileType = sourcecode.swift; path = AppDelegate.swift; sourceTree = "<group>"; };
		A27BC9CD2681A2DB007FC36E /* SceneDelegate.swift */ = {isa = PBXFileReference; lastKnownFileType = sourcecode.swift; path = SceneDelegate.swift; sourceTree = "<group>"; };
		A27BC9CF2681A2DB007FC36E /* AnimationViewController.swift */ = {isa = PBXFileReference; lastKnownFileType = sourcecode.swift; path = AnimationViewController.swift; sourceTree = "<group>"; };
		A27BC9D22681A2DB007FC36E /* Base */ = {isa = PBXFileReference; lastKnownFileType = file.storyboard; name = Base; path = Base.lproj/Main.storyboard; sourceTree = "<group>"; };
		A27BC9D42681A2DE007FC36E /* Assets.xcassets */ = {isa = PBXFileReference; lastKnownFileType = folder.assetcatalog; path = Assets.xcassets; sourceTree = "<group>"; };
		A27BC9D72681A2DE007FC36E /* Base */ = {isa = PBXFileReference; lastKnownFileType = file.storyboard; name = Base; path = Base.lproj/LaunchScreen.storyboard; sourceTree = "<group>"; };
		A27BC9D92681A2DE007FC36E /* Info.plist */ = {isa = PBXFileReference; lastKnownFileType = text.plist.xml; path = Info.plist; sourceTree = "<group>"; };
		A27BC9E42681AFCC007FC36E /* AnimationConfiguration.swift */ = {isa = PBXFileReference; lastKnownFileType = sourcecode.swift; path = AnimationConfiguration.swift; sourceTree = "<group>"; };
		F7894AC39432313E7774296F /* Pods-Animation.release.xcconfig */ = {isa = PBXFileReference; includeInIndex = 1; lastKnownFileType = text.xcconfig; name = "Pods-Animation.release.xcconfig"; path = "Target Support Files/Pods-Animation/Pods-Animation.release.xcconfig"; sourceTree = "<group>"; };
/* End PBXFileReference section */

/* Begin PBXFrameworksBuildPhase section */
		A27BC9C52681A2DA007FC36E /* Frameworks */ = {
			isa = PBXFrameworksBuildPhase;
			buildActionMask = 2147483647;
			files = (
				B59D943E930FD3F2E2B99F90 /* libPods-Animation.a in Frameworks */,
			);
			runOnlyForDeploymentPostprocessing = 0;
		};
/* End PBXFrameworksBuildPhase section */

/* Begin PBXGroup section */
		4D92E8D78D61F04A04C10D72 /* Pods */ = {
			isa = PBXGroup;
			children = (
				89694D5A69D9E4FA9942E90A /* Pods-Animation.debug.xcconfig */,
				F7894AC39432313E7774296F /* Pods-Animation.release.xcconfig */,
			);
			path = Pods;
			sourceTree = "<group>";
		};
		65C063707FA8FD7F4487CE9D /* Frameworks */ = {
			isa = PBXGroup;
			children = (
				01475696BBBD71D3D2D81690 /* libPods-Animation.a */,
			);
			name = Frameworks;
			sourceTree = "<group>";
		};
		A27BC9BF2681A2DA007FC36E = {
			isa = PBXGroup;
			children = (
				A27BC9CA2681A2DA007FC36E /* Animation */,
				A27BC9C92681A2DA007FC36E /* Products */,
				4D92E8D78D61F04A04C10D72 /* Pods */,
				65C063707FA8FD7F4487CE9D /* Frameworks */,
			);
			sourceTree = "<group>";
		};
		A27BC9C92681A2DA007FC36E /* Products */ = {
			isa = PBXGroup;
			children = (
				A27BC9C82681A2DA007FC36E /* Animation.app */,
			);
			name = Products;
			sourceTree = "<group>";
		};
		A27BC9CA2681A2DA007FC36E /* Animation */ = {
			isa = PBXGroup;
			children = (
				A27BC9E02681A350007FC36E /* Resources */,
				A27BC9E12681A358007FC36E /* Application */,
				A27BC9DF2681A347007FC36E /* Storyboards */,
				A27BC9E32681AFB8007FC36E /* Models */,
				A27BC9E22681A36D007FC36E /* ViewControllers */,
			);
			path = Animation;
			sourceTree = "<group>";
		};
		A27BC9DF2681A347007FC36E /* Storyboards */ = {
			isa = PBXGroup;
			children = (
				A27BC9D12681A2DB007FC36E /* Main.storyboard */,
				A27BC9D62681A2DE007FC36E /* LaunchScreen.storyboard */,
			);
			path = Storyboards;
			sourceTree = "<group>";
		};
		A27BC9E02681A350007FC36E /* Resources */ = {
			isa = PBXGroup;
			children = (
				A27BC9D42681A2DE007FC36E /* Assets.xcassets */,
				A27BC9D92681A2DE007FC36E /* Info.plist */,
			);
			path = Resources;
			sourceTree = "<group>";
		};
		A27BC9E12681A358007FC36E /* Application */ = {
			isa = PBXGroup;
			children = (
				A27BC9CB2681A2DA007FC36E /* AppDelegate.swift */,
				A27BC9CD2681A2DB007FC36E /* SceneDelegate.swift */,
			);
			path = Application;
			sourceTree = "<group>";
		};
		A27BC9E22681A36D007FC36E /* ViewControllers */ = {
			isa = PBXGroup;
			children = (
				A27BC9CF2681A2DB007FC36E /* AnimationViewController.swift */,
			);
			path = ViewControllers;
			sourceTree = "<group>";
		};
		A27BC9E32681AFB8007FC36E /* Models */ = {
			isa = PBXGroup;
			children = (
				A27BC9E42681AFCC007FC36E /* AnimationConfiguration.swift */,
			);
			path = Models;
			sourceTree = "<group>";
		};
/* End PBXGroup section */

/* Begin PBXNativeTarget section */
		A27BC9C72681A2DA007FC36E /* Animation */ = {
			isa = PBXNativeTarget;
			buildConfigurationList = A27BC9DC2681A2DE007FC36E /* Build configuration list for PBXNativeTarget "Animation" */;
			buildPhases = (
				E42D0D6BD619C5B77973A0E0 /* [CP] Check Pods Manifest.lock */,
				A27BC9C42681A2DA007FC36E /* Sources */,
				A27BC9C52681A2DA007FC36E /* Frameworks */,
				A27BC9C62681A2DA007FC36E /* Resources */,
				92B2BDD56E8E50EFE8879709 /* [CP] Copy Pods Resources */,
			);
			buildRules = (
			);
			dependencies = (
			);
			name = Animation;
			productName = Animation;
			productReference = A27BC9C82681A2DA007FC36E /* Animation.app */;
			productType = "com.apple.product-type.application";
		};
/* End PBXNativeTarget section */

/* Begin PBXProject section */
		A27BC9C02681A2DA007FC36E /* Project object */ = {
			isa = PBXProject;
			attributes = {
				LastSwiftUpdateCheck = 1250;
				LastUpgradeCheck = 1250;
				TargetAttributes = {
					A27BC9C72681A2DA007FC36E = {
						CreatedOnToolsVersion = 12.5;
					};
				};
			};
			buildConfigurationList = A27BC9C32681A2DA007FC36E /* Build configuration list for PBXProject "Animation" */;
			compatibilityVersion = "Xcode 9.3";
			developmentRegion = en;
			hasScannedForEncodings = 0;
			knownRegions = (
				en,
				Base,
			);
			mainGroup = A27BC9BF2681A2DA007FC36E;
			productRefGroup = A27BC9C92681A2DA007FC36E /* Products */;
			projectDirPath = "";
			projectRoot = "";
			targets = (
				A27BC9C72681A2DA007FC36E /* Animation */,
			);
		};
/* End PBXProject section */

/* Begin PBXResourcesBuildPhase section */
		A27BC9C62681A2DA007FC36E /* Resources */ = {
			isa = PBXResourcesBuildPhase;
			buildActionMask = 2147483647;
			files = (
				A27BC9D82681A2DE007FC36E /* LaunchScreen.storyboard in Resources */,
				A27BC9D52681A2DE007FC36E /* Assets.xcassets in Resources */,
				A27BC9D32681A2DB007FC36E /* Main.storyboard in Resources */,
			);
			runOnlyForDeploymentPostprocessing = 0;
		};
/* End PBXResourcesBuildPhase section */

/* Begin PBXShellScriptBuildPhase section */
		92B2BDD56E8E50EFE8879709 /* [CP] Copy Pods Resources */ = {
			isa = PBXShellScriptBuildPhase;
			buildActionMask = 2147483647;
			files = (
			);
			inputFileListPaths = (
				"${PODS_ROOT}/Target Support Files/Pods-Animation/Pods-Animation-resources-${CONFIGURATION}-input-files.xcfilelist",
			);
			name = "[CP] Copy Pods Resources";
			outputFileListPaths = (
			);
			runOnlyForDeploymentPostprocessing = 0;
			shellPath = /bin/sh;
			shellScript = "\"${PODS_ROOT}/Target Support Files/Pods-Animation/Pods-Animation-resources.sh\"\n";
			showEnvVarsInLog = 0;
		};
		E42D0D6BD619C5B77973A0E0 /* [CP] Check Pods Manifest.lock */ = {
			isa = PBXShellScriptBuildPhase;
			buildActionMask = 2147483647;
			files = (
			);
			inputFileListPaths = (
			);
			inputPaths = (
				"${PODS_PODFILE_DIR_PATH}/Podfile.lock",
				"${PODS_ROOT}/Manifest.lock",
			);
			name = "[CP] Check Pods Manifest.lock";
			outputFileListPaths = (
			);
			outputPaths = (
				"$(DERIVED_FILE_DIR)/Pods-Animation-checkManifestLockResult.txt",
			);
			runOnlyForDeploymentPostprocessing = 0;
			shellPath = /bin/sh;
			shellScript = "diff \"${PODS_PODFILE_DIR_PATH}/Podfile.lock\" \"${PODS_ROOT}/Manifest.lock\" > /dev/null\nif [ $? != 0 ] ; then\n    # print error to STDERR\n    echo \"error: The sandbox is not in sync with the Podfile.lock. Run 'pod install' or update your CocoaPods installation.\" >&2\n    exit 1\nfi\n# This output is used by Xcode 'outputs' to avoid re-running this script phase.\necho \"SUCCESS\" > \"${SCRIPT_OUTPUT_FILE_0}\"\n";
			showEnvVarsInLog = 0;
		};
/* End PBXShellScriptBuildPhase section */

/* Begin PBXSourcesBuildPhase section */
		A27BC9C42681A2DA007FC36E /* Sources */ = {
			isa = PBXSourcesBuildPhase;
			buildActionMask = 2147483647;
			files = (
				A27BC9D02681A2DB007FC36E /* AnimationViewController.swift in Sources */,
				A27BC9CC2681A2DA007FC36E /* AppDelegate.swift in Sources */,
				A27BC9CE2681A2DB007FC36E /* SceneDelegate.swift in Sources */,
				A27BC9E52681AFCC007FC36E /* AnimationConfiguration.swift in Sources */,
			);
			runOnlyForDeploymentPostprocessing = 0;
		};
/* End PBXSourcesBuildPhase section */

/* Begin PBXVariantGroup section */
		A27BC9D12681A2DB007FC36E /* Main.storyboard */ = {
			isa = PBXVariantGroup;
			children = (
				A27BC9D22681A2DB007FC36E /* Base */,
			);
			name = Main.storyboard;
			sourceTree = "<group>";
		};
		A27BC9D62681A2DE007FC36E /* LaunchScreen.storyboard */ = {
			isa = PBXVariantGroup;
			children = (
				A27BC9D72681A2DE007FC36E /* Base */,
			);
			name = LaunchScreen.storyboard;
			sourceTree = "<group>";
		};
/* End PBXVariantGroup section */

/* Begin XCBuildConfiguration section */
		A27BC9DA2681A2DE007FC36E /* Debug */ = {
			isa = XCBuildConfiguration;
			buildSettings = {
				ALWAYS_SEARCH_USER_PATHS = NO;
				CLANG_ANALYZER_NONNULL = YES;
				CLANG_ANALYZER_NUMBER_OBJECT_CONVERSION = YES_AGGRESSIVE;
				CLANG_CXX_LANGUAGE_STANDARD = "gnu++14";
				CLANG_CXX_LIBRARY = "libc++";
				CLANG_ENABLE_MODULES = YES;
				CLANG_ENABLE_OBJC_ARC = YES;
				CLANG_ENABLE_OBJC_WEAK = YES;
				CLANG_WARN_BLOCK_CAPTURE_AUTORELEASING = YES;
				CLANG_WARN_BOOL_CONVERSION = YES;
				CLANG_WARN_COMMA = YES;
				CLANG_WARN_CONSTANT_CONVERSION = YES;
				CLANG_WARN_DEPRECATED_OBJC_IMPLEMENTATIONS = YES;
				CLANG_WARN_DIRECT_OBJC_ISA_USAGE = YES_ERROR;
				CLANG_WARN_DOCUMENTATION_COMMENTS = YES;
				CLANG_WARN_EMPTY_BODY = YES;
				CLANG_WARN_ENUM_CONVERSION = YES;
				CLANG_WARN_INFINITE_RECURSION = YES;
				CLANG_WARN_INT_CONVERSION = YES;
				CLANG_WARN_NON_LITERAL_NULL_CONVERSION = YES;
				CLANG_WARN_OBJC_IMPLICIT_RETAIN_SELF = YES;
				CLANG_WARN_OBJC_LITERAL_CONVERSION = YES;
				CLANG_WARN_OBJC_ROOT_CLASS = YES_ERROR;
				CLANG_WARN_QUOTED_INCLUDE_IN_FRAMEWORK_HEADER = YES;
				CLANG_WARN_RANGE_LOOP_ANALYSIS = YES;
				CLANG_WARN_STRICT_PROTOTYPES = YES;
				CLANG_WARN_SUSPICIOUS_MOVE = YES;
				CLANG_WARN_UNGUARDED_AVAILABILITY = YES_AGGRESSIVE;
				CLANG_WARN_UNREACHABLE_CODE = YES;
				CLANG_WARN__DUPLICATE_METHOD_MATCH = YES;
				COPY_PHASE_STRIP = NO;
				DEBUG_INFORMATION_FORMAT = dwarf;
				ENABLE_STRICT_OBJC_MSGSEND = YES;
				ENABLE_TESTABILITY = YES;
				GCC_C_LANGUAGE_STANDARD = gnu11;
				GCC_DYNAMIC_NO_PIC = NO;
				GCC_NO_COMMON_BLOCKS = YES;
				GCC_OPTIMIZATION_LEVEL = 0;
				GCC_PREPROCESSOR_DEFINITIONS = (
					"DEBUG=1",
					"$(inherited)",
				);
				GCC_WARN_64_TO_32_BIT_CONVERSION = YES;
				GCC_WARN_ABOUT_RETURN_TYPE = YES_ERROR;
				GCC_WARN_UNDECLARED_SELECTOR = YES;
				GCC_WARN_UNINITIALIZED_AUTOS = YES_AGGRESSIVE;
				GCC_WARN_UNUSED_FUNCTION = YES;
				GCC_WARN_UNUSED_VARIABLE = YES;
				IPHONEOS_DEPLOYMENT_TARGET = 13.0;
				MTL_ENABLE_DEBUG_INFO = INCLUDE_SOURCE;
				MTL_FAST_MATH = YES;
				ONLY_ACTIVE_ARCH = YES;
				SDKROOT = iphoneos;
				SWIFT_ACTIVE_COMPILATION_CONDITIONS = DEBUG;
				SWIFT_OPTIMIZATION_LEVEL = "-Onone";
			};
			name = Debug;
		};
		A27BC9DB2681A2DE007FC36E /* Release */ = {
			isa = XCBuildConfiguration;
			buildSettings = {
				ALWAYS_SEARCH_USER_PATHS = NO;
				CLANG_ANALYZER_NONNULL = YES;
				CLANG_ANALYZER_NUMBER_OBJECT_CONVERSION = YES_AGGRESSIVE;
				CLANG_CXX_LANGUAGE_STANDARD = "gnu++14";
				CLANG_CXX_LIBRARY = "libc++";
				CLANG_ENABLE_MODULES = YES;
				CLANG_ENABLE_OBJC_ARC = YES;
				CLANG_ENABLE_OBJC_WEAK = YES;
				CLANG_WARN_BLOCK_CAPTURE_AUTORELEASING = YES;
				CLANG_WARN_BOOL_CONVERSION = YES;
				CLANG_WARN_COMMA = YES;
				CLANG_WARN_CONSTANT_CONVERSION = YES;
				CLANG_WARN_DEPRECATED_OBJC_IMPLEMENTATIONS = YES;
				CLANG_WARN_DIRECT_OBJC_ISA_USAGE = YES_ERROR;
				CLANG_WARN_DOCUMENTATION_COMMENTS = YES;
				CLANG_WARN_EMPTY_BODY = YES;
				CLANG_WARN_ENUM_CONVERSION = YES;
				CLANG_WARN_INFINITE_RECURSION = YES;
				CLANG_WARN_INT_CONVERSION = YES;
				CLANG_WARN_NON_LITERAL_NULL_CONVERSION = YES;
				CLANG_WARN_OBJC_IMPLICIT_RETAIN_SELF = YES;
				CLANG_WARN_OBJC_LITERAL_CONVERSION = YES;
				CLANG_WARN_OBJC_ROOT_CLASS = YES_ERROR;
				CLANG_WARN_QUOTED_INCLUDE_IN_FRAMEWORK_HEADER = YES;
				CLANG_WARN_RANGE_LOOP_ANALYSIS = YES;
				CLANG_WARN_STRICT_PROTOTYPES = YES;
				CLANG_WARN_SUSPICIOUS_MOVE = YES;
				CLANG_WARN_UNGUARDED_AVAILABILITY = YES_AGGRESSIVE;
				CLANG_WARN_UNREACHABLE_CODE = YES;
				CLANG_WARN__DUPLICATE_METHOD_MATCH = YES;
				COPY_PHASE_STRIP = NO;
				DEBUG_INFORMATION_FORMAT = "dwarf-with-dsym";
				ENABLE_NS_ASSERTIONS = NO;
				ENABLE_STRICT_OBJC_MSGSEND = YES;
				GCC_C_LANGUAGE_STANDARD = gnu11;
				GCC_NO_COMMON_BLOCKS = YES;
				GCC_WARN_64_TO_32_BIT_CONVERSION = YES;
				GCC_WARN_ABOUT_RETURN_TYPE = YES_ERROR;
				GCC_WARN_UNDECLARED_SELECTOR = YES;
				GCC_WARN_UNINITIALIZED_AUTOS = YES_AGGRESSIVE;
				GCC_WARN_UNUSED_FUNCTION = YES;
				GCC_WARN_UNUSED_VARIABLE = YES;
				IPHONEOS_DEPLOYMENT_TARGET = 13.0;
				MTL_ENABLE_DEBUG_INFO = NO;
				MTL_FAST_MATH = YES;
				SDKROOT = iphoneos;
				SWIFT_COMPILATION_MODE = wholemodule;
				SWIFT_OPTIMIZATION_LEVEL = "-O";
				VALIDATE_PRODUCT = YES;
			};
			name = Release;
		};
		A27BC9DD2681A2DE007FC36E /* Debug */ = {
			isa = XCBuildConfiguration;
			baseConfigurationReference = 89694D5A69D9E4FA9942E90A /* Pods-Animation.debug.xcconfig */;
			buildSettings = {
				ASSETCATALOG_COMPILER_APPICON_NAME = AppIcon;
				ASSETCATALOG_COMPILER_GLOBAL_ACCENT_COLOR_NAME = AccentColor;
				CODE_SIGN_STYLE = Automatic;
				DEVELOPMENT_TEAM = HP2GYZ69BY;
				INFOPLIST_FILE = Animation/Resources/Info.plist;
				LD_RUNPATH_SEARCH_PATHS = (
					"$(inherited)",
					"@executable_path/Frameworks",
				);
				PRODUCT_BUNDLE_IDENTIFIER = ru.dreamteam.Animation;
				PRODUCT_NAME = "$(TARGET_NAME)";
				SWIFT_VERSION = 5.0;
				TARGETED_DEVICE_FAMILY = "1,2";
			};
			name = Debug;
		};
		A27BC9DE2681A2DE007FC36E /* Release */ = {
			isa = XCBuildConfiguration;
			baseConfigurationReference = F7894AC39432313E7774296F /* Pods-Animation.release.xcconfig */;
			buildSettings = {
				ASSETCATALOG_COMPILER_APPICON_NAME = AppIcon;
				ASSETCATALOG_COMPILER_GLOBAL_ACCENT_COLOR_NAME = AccentColor;
				CODE_SIGN_STYLE = Automatic;
				DEVELOPMENT_TEAM = HP2GYZ69BY;
				INFOPLIST_FILE = Animation/Resources/Info.plist;
				LD_RUNPATH_SEARCH_PATHS = (
					"$(inherited)",
					"@executable_path/Frameworks",
				);
				PRODUCT_BUNDLE_IDENTIFIER = ru.dreamteam.Animation;
				PRODUCT_NAME = "$(TARGET_NAME)";
				SWIFT_VERSION = 5.0;
				TARGETED_DEVICE_FAMILY = "1,2";
			};
			name = Release;
		};
/* End XCBuildConfiguration section */

/* Begin XCConfigurationList section */
		A27BC9C32681A2DA007FC36E /* Build configuration list for PBXProject "Animation" */ = {
			isa = XCConfigurationList;
			buildConfigurations = (
				A27BC9DA2681A2DE007FC36E /* Debug */,
				A27BC9DB2681A2DE007FC36E /* Release */,
			);
			defaultConfigurationIsVisible = 0;
			defaultConfigurationName = Release;
		};
		A27BC9DC2681A2DE007FC36E /* Build configuration list for PBXNativeTarget "Animation" */ = {
			isa = XCConfigurationList;
			buildConfigurations = (
				A27BC9DD2681A2DE007FC36E /* Debug */,
				A27BC9DE2681A2DE007FC36E /* Release */,
			);
			defaultConfigurationIsVisible = 0;
			defaultConfigurationName = Release;
		};
/* End XCConfigurationList section */
	};
	rootObject = A27BC9C02681A2DA007FC36E /* Project object */;
}
